
Microsoft Visual Studio Solution File, Format Version 12.00
# Visual Studio 15
VisualStudioVersion = 15.0.28307.489
MinimumVisualStudioVersion = 10.0.40219.1
Project("{FAE04EC0-301F-11D3-BF4B-00C04F79EFBC}") = "ForeachLoop", "ForeachLoop\ForeachLoop.csproj", "{D64C2A5A-BBC3-485C-8F94-91663377A589}"
EndProject
Project("{FAE04EC0-301F-11D3-BF4B-00C04F79EFBC}") = "ForeachLoop2", "ForeachLoop2\ForeachLoop2.csproj", "{570C5724-5D62-4B9E-856F-3483F6AA5A12}"
EndProject
Project("{FAE04EC0-301F-11D3-BF4B-00C04F79EFBC}") = "WhileLoop", "WhileLoop\WhileLoop.csproj", "{35376B22-50A2-4AC4-8DA4-430C24F5FA15}"
EndProject
Global
	GlobalSection(SolutionConfigurationPlatforms) = preSolution
		Debug|Any CPU = Debug|Any CPU
		Release|Any CPU = Release|Any CPU
	EndGlobalSection
	GlobalSection(ProjectConfigurationPlatforms) = postSolution
		{D64C2A5A-BBC3-485C-8F94-91663377A589}.Debug|Any CPU.ActiveCfg = Debug|Any CPU
		{D64C2A5A-BBC3-485C-8F94-91663377A589}.Debug|Any CPU.Build.0 = Debug|Any CPU
		{D64C2A5A-BBC3-485C-8F94-91663377A589}.Release|Any CPU.ActiveCfg = Release|Any CPU
		{D64C2A5A-BBC3-485C-8F94-91663377A589}.Release|Any CPU.Build.0 = Release|Any CPU
		{570C5724-5D62-4B9E-856F-3483F6AA5A12}.Debug|Any CPU.ActiveCfg = Debug|Any CPU
		{570C5724-5D62-4B9E-856F-3483F6AA5A12}.Debug|Any CPU.Build.0 = Debug|Any CPU
		{570C5724-5D62-4B9E-856F-3483F6AA5A12}.Release|Any CPU.ActiveCfg = Release|Any CPU
		{570C5724-5D62-4B9E-856F-3483F6AA5A12}.Release|Any CPU.Build.0 = Release|Any CPU
		{35376B22-50A2-4AC4-8DA4-430C24F5FA15}.Debug|Any CPU.ActiveCfg = Debug|Any CPU
		{35376B22-50A2-4AC4-8DA4-430C24F5FA15}.Debug|Any CPU.Build.0 = Debug|Any CPU
		{35376B22-50A2-4AC4-8DA4-430C24F5FA15}.Release|Any CPU.ActiveCfg = Release|Any CPU
		{35376B22-50A2-4AC4-8DA4-430C24F5FA15}.Release|Any CPU.Build.0 = Release|Any CPU
	EndGlobalSection
	GlobalSection(SolutionProperties) = preSolution
		HideSolutionNode = FALSE
	EndGlobalSection
	GlobalSection(ExtensibilityGlobals) = postSolution
		SolutionGuid = {ADD9B43E-EB77-4E9C-A45D-4E2F02C8A9C7}
	EndGlobalSection
EndGlobal
