
Microsoft Visual Studio Solution File, Format Version 12.00
# Visual Studio 15
VisualStudioVersion = 15.0.28307.489
MinimumVisualStudioVersion = 10.0.40219.1
Project("{FAE04EC0-301F-11D3-BF4B-00C04F79EFBC}") = "Array", "Array\Array.csproj", "{D6BD3A7E-9743-4AB9-A71B-53B636CBDD65}"
EndProject
Global
	GlobalSection(SolutionConfigurationPlatforms) = preSolution
		Debug|Any CPU = Debug|Any CPU
		Release|Any CPU = Release|Any CPU
	EndGlobalSection
	GlobalSection(ProjectConfigurationPlatforms) = postSolution
		{D6BD3A7E-9743-4AB9-A71B-53B636CBDD65}.Debug|Any CPU.ActiveCfg = Debug|Any CPU
		{D6BD3A7E-9743-4AB9-A71B-53B636CBDD65}.Debug|Any CPU.Build.0 = Debug|Any CPU
		{D6BD3A7E-9743-4AB9-A71B-53B636CBDD65}.Release|Any CPU.ActiveCfg = Release|Any CPU
		{D6BD3A7E-9743-4AB9-A71B-53B636CBDD65}.Release|Any CPU.Build.0 = Release|Any CPU
	EndGlobalSection
	GlobalSection(SolutionProperties) = preSolution
		HideSolutionNode = FALSE
	EndGlobalSection
	GlobalSection(ExtensibilityGlobals) = postSolution
		SolutionGuid = {D15B5CC6-050C-4C46-8BFD-931CD6B428F3}
	EndGlobalSection
EndGlobal
