
Microsoft Visual Studio Solution File, Format Version 12.00
# Visual Studio 15
VisualStudioVersion = 15.0.28307.489
MinimumVisualStudioVersion = 10.0.40219.1
Project("{FAE04EC0-301F-11D3-BF4B-00C04F79EFBC}") = "Enum", "Enum\Enum.csproj", "{2E785B3A-7BB0-4CDE-9E93-CA493B1315B7}"
EndProject
Global
	GlobalSection(SolutionConfigurationPlatforms) = preSolution
		Debug|Any CPU = Debug|Any CPU
		Release|Any CPU = Release|Any CPU
	EndGlobalSection
	GlobalSection(ProjectConfigurationPlatforms) = postSolution
		{2E785B3A-7BB0-4CDE-9E93-CA493B1315B7}.Debug|Any CPU.ActiveCfg = Debug|Any CPU
		{2E785B3A-7BB0-4CDE-9E93-CA493B1315B7}.Debug|Any CPU.Build.0 = Debug|Any CPU
		{2E785B3A-7BB0-4CDE-9E93-CA493B1315B7}.Release|Any CPU.ActiveCfg = Release|Any CPU
		{2E785B3A-7BB0-4CDE-9E93-CA493B1315B7}.Release|Any CPU.Build.0 = Release|Any CPU
	EndGlobalSection
	GlobalSection(SolutionProperties) = preSolution
		HideSolutionNode = FALSE
	EndGlobalSection
	GlobalSection(ExtensibilityGlobals) = postSolution
		SolutionGuid = {E8823C1D-808D-4946-BBE6-D7AAF3A8A37F}
	EndGlobalSection
EndGlobal
