
Microsoft Visual Studio Solution File, Format Version 12.00
# Visual Studio 15
VisualStudioVersion = 15.0.28307.489
MinimumVisualStudioVersion = 10.0.40219.1
Project("{FAE04EC0-301F-11D3-BF4B-00C04F79EFBC}") = "ControlFlow3", "ControlFlow3\ControlFlow3.csproj", "{4DE6F7D3-EEB6-430B-B349-BDD5BF7B597E}"
EndProject
Global
	GlobalSection(SolutionConfigurationPlatforms) = preSolution
		Debug|Any CPU = Debug|Any CPU
		Release|Any CPU = Release|Any CPU
	EndGlobalSection
	GlobalSection(ProjectConfigurationPlatforms) = postSolution
		{4DE6F7D3-EEB6-430B-B349-BDD5BF7B597E}.Debug|Any CPU.ActiveCfg = Debug|Any CPU
		{4DE6F7D3-EEB6-430B-B349-BDD5BF7B597E}.Debug|Any CPU.Build.0 = Debug|Any CPU
		{4DE6F7D3-EEB6-430B-B349-BDD5BF7B597E}.Release|Any CPU.ActiveCfg = Release|Any CPU
		{4DE6F7D3-EEB6-430B-B349-BDD5BF7B597E}.Release|Any CPU.Build.0 = Release|Any CPU
	EndGlobalSection
	GlobalSection(SolutionProperties) = preSolution
		HideSolutionNode = FALSE
	EndGlobalSection
	GlobalSection(ExtensibilityGlobals) = postSolution
		SolutionGuid = {BE9419E4-F775-4430-8BC5-BDCBD722B845}
	EndGlobalSection
EndGlobal
